{
  "lockfile_version": "1",
  "packages": {
    "commitizen@3.13.0": {
      "last_modified": "2024-01-27T14:55:31Z",
      "resolved": "github:NixOS/nixpkgs/160b762eda6d139ac10ae081f8f78d640dd523eb#commitizen",
      "source": "devbox-search",
      "version": "3.13.0",
      "systems": {
        "aarch64-darwin": {
          "outputs": [
            {
              "name": "out",
              "path": "/nix/store/lgc4wik7xxakvi33hammf9y50ha2klr8-commitizen-3.13.0",
              "default": true
            },
            {
              "name": "dist",
              "path": "/nix/store/gliyyclz59p155i9hbi2g5vmjpm2899v-commitizen-3.13.0-dist"
            }
          ],
          "store_path": "/nix/store/lgc4wik7xxakvi33hammf9y50ha2klr8-commitizen-3.13.0"
        },
        "aarch64-linux": {
          "outputs": [
            {
              "name": "out",
              "path": "/nix/store/swwwr9swinpw5sawajq21w2186gsqq1k-commitizen-3.13.0",
              "default": true
            },
            {
              "name": "dist",
              "path": "/nix/store/1q3v625waygx5fh3znnkd84lvli7l346-commitizen-3.13.0-dist"
            }
          ],
          "store_path": "/nix/store/swwwr9swinpw5sawajq21w2186gsqq1k-commitizen-3.13.0"
        },
        "x86_64-darwin": {
          "outputs": [
            {
              "name": "out",
              "path": "/nix/store/axrdvk2zlsxabg73jiq7hvfwhpmwvgam-commitizen-3.13.0",
              "default": true
            },
            {
              "name": "dist",
              "path": "/nix/store/q8fbjpw8g1q63s4bxzg6l0cm7qasw9jv-commitizen-3.13.0-dist"
            }
          ],
          "store_path": "/nix/store/axrdvk2zlsxabg73jiq7hvfwhpmwvgam-commitizen-3.13.0"
        },
        "x86_64-linux": {
          "outputs": [
            {
              "name": "out",
              "path": "/nix/store/64zzzsq4bsish9vbnz7272d1izpxa6jz-commitizen-3.13.0",
              "default": true
            },
            {
              "name": "dist",
              "path": "/nix/store/gmh73sr1sz20p6w5h41zvc7q0l0g51fs-commitizen-3.13.0-dist"
            }
          ],
          "store_path": "/nix/store/64zzzsq4bsish9vbnz7272d1izpxa6jz-commitizen-3.13.0"
        }
      }
    },
    "gitleaks@8.18.1": {
      "last_modified": "2024-01-27T14:55:31Z",
      "resolved": "github:NixOS/nixpkgs/160b762eda6d139ac10ae081f8f78d640dd523eb#gitleaks",
      "source": "devbox-search",
      "version": "8.18.1",
      "systems": {
        "aarch64-darwin": {
          "outputs": [
            {
              "name": "out",
              "path": "/nix/store/af5mjg9iibrxr99ipkqsqcl40qlfll1s-gitleaks-8.18.1",
              "default": true
            }
          ],
          "store_path": "/nix/store/af5mjg9iibrxr99ipkqsqcl40qlfll1s-gitleaks-8.18.1"
        },
        "aarch64-linux": {
          "outputs": [
            {
              "name": "out",
              "path": "/nix/store/fqjv0y6biqgmxyfdby31976q9njh1jr8-gitleaks-8.18.1",
              "default": true
            }
          ],
          "store_path": "/nix/store/fqjv0y6biqgmxyfdby31976q9njh1jr8-gitleaks-8.18.1"
        },
        "x86_64-darwin": {
          "outputs": [
            {
              "name": "out",
              "path": "/nix/store/061zwx6j60imblms9159ns87xl6xg1b3-gitleaks-8.18.1",
              "default": true
            }
          ],
          "store_path": "/nix/store/061zwx6j60imblms9159ns87xl6xg1b3-gitleaks-8.18.1"
        },
        "x86_64-linux": {
          "outputs": [
            {
              "name": "out",
              "path": "/nix/store/3pifsc1padi5cvzbclwshrzgrsav3vk2-gitleaks-8.18.1",
              "default": true
            }
          ],
          "store_path": "/nix/store/3pifsc1padi5cvzbclwshrzgrsav3vk2-gitleaks-8.18.1"
        }
      }
    },
    "gitlint@0.19.1": {
      "last_modified": "2024-03-08T13:51:52Z",
      "resolved": "github:NixOS/nixpkgs/a343533bccc62400e8a9560423486a3b6c11a23b#gitlint",
      "source": "devbox-search",
      "version": "0.19.1",
      "systems": {
        "aarch64-darwin": {
          "outputs": [
            {
              "name": "out",
              "path": "/nix/store/f8s5lnkwb65kny2szi007adm1k57r02x-gitlint-0.19.1",
              "default": true
            },
            {
              "name": "dist",
              "path": "/nix/store/msh4i1vfi2l7prxk3kvgkgk7bqwrk9m3-gitlint-0.19.1-dist"
            }
          ],
          "store_path": "/nix/store/f8s5lnkwb65kny2szi007adm1k57r02x-gitlint-0.19.1"
        },
        "aarch64-linux": {
          "outputs": [
            {
              "name": "out",
              "path": "/nix/store/3341r7hhvjllfah68db3bn5zh58idq9v-gitlint-0.19.1",
              "default": true
            },
            {
              "name": "dist",
              "path": "/nix/store/cci375xcmn7qypgvvxsqyl3r9nmlq2j4-gitlint-0.19.1-dist"
            }
          ],
          "store_path": "/nix/store/3341r7hhvjllfah68db3bn5zh58idq9v-gitlint-0.19.1"
        },
        "x86_64-darwin": {
          "outputs": [
            {
              "name": "out",
              "path": "/nix/store/jjsxsjkmgpfzvkbdz63nkjmi4y0vham1-gitlint-0.19.1",
              "default": true
            },
            {
              "name": "dist",
              "path": "/nix/store/0kir3fdlqamq29a279i9hhzkfi7cny1s-gitlint-0.19.1-dist"
            }
          ],
          "store_path": "/nix/store/jjsxsjkmgpfzvkbdz63nkjmi4y0vham1-gitlint-0.19.1"
        },
        "x86_64-linux": {
          "outputs": [
            {
              "name": "out",
              "path": "/nix/store/7ckahnl424cni4rhk3n7r9vdc0m5mz80-gitlint-0.19.1",
              "default": true
            },
            {
              "name": "dist",
              "path": "/nix/store/hqi02qpvipggnlgj50xi0lq7npfjfigv-gitlint-0.19.1-dist"
            }
          ],
          "store_path": "/nix/store/7ckahnl424cni4rhk3n7r9vdc0m5mz80-gitlint-0.19.1"
        }
      }
    },
    "go-task@3.34.1": {
      "last_modified": "2024-02-24T23:06:34Z",
      "resolved": "github:NixOS/nixpkgs/9a9dae8f6319600fa9aebde37f340975cab4b8c0#go-task",
      "source": "devbox-search",
      "version": "3.34.1",
      "systems": {
        "aarch64-darwin": {
          "outputs": [
            {
              "name": "out",
              "path": "/nix/store/wbz5achinaqhws7b303180x14as6v8hq-go-task-3.34.1",
              "default": true
            }
          ],
          "store_path": "/nix/store/wbz5achinaqhws7b303180x14as6v8hq-go-task-3.34.1"
        },
        "aarch64-linux": {
          "outputs": [
            {
              "name": "out",
              "path": "/nix/store/s5f8jnjlr439baja3abgbqfy5d96cpvk-go-task-3.34.1",
              "default": true
            }
          ],
          "store_path": "/nix/store/s5f8jnjlr439baja3abgbqfy5d96cpvk-go-task-3.34.1"
        },
        "x86_64-darwin": {
          "outputs": [
            {
              "name": "out",
              "path": "/nix/store/ksj46vjfpp5aynpbx6bdq2cqg6b8zj08-go-task-3.34.1",
              "default": true
            }
          ],
          "store_path": "/nix/store/ksj46vjfpp5aynpbx6bdq2cqg6b8zj08-go-task-3.34.1"
        },
        "x86_64-linux": {
          "outputs": [
            {
              "name": "out",
              "path": "/nix/store/mv2mf9xhpazgg0z696j7hhh9rvsy28cg-go-task-3.34.1",
              "default": true
            }
          ],
          "store_path": "/nix/store/mv2mf9xhpazgg0z696j7hhh9rvsy28cg-go-task-3.34.1"
        }
      }
    },
    "jq@latest": {
      "last_modified": "2024-03-17T18:53:16Z",
      "resolved": "github:NixOS/nixpkgs/34ad8c9f29a18b4dd97a9ad40ceb16954f24afe7#jq",
      "source": "devbox-search",
      "version": "1.7.1",
      "systems": {
        "aarch64-darwin": {
          "outputs": [
            {
              "name": "bin",
              "path": "/nix/store/blbr333bv32ccigx4yhdyggb1fgq9cp6-jq-1.7.1-bin",
              "default": true
            },
            {
              "name": "man",
              "path": "/nix/store/5kalw92slxs91h0hrh54s906haywk357-jq-1.7.1-man",
              "default": true
            },
            {
              "name": "dev",
              "path": "/nix/store/9qprfk2s7vylzhwkr59lj3ykl7zypim1-jq-1.7.1-dev"
            },
            {
              "name": "doc",
              "path": "/nix/store/41lnb01cpa3nniy8iyb7c4b4nhxgf54y-jq-1.7.1-doc"
            },
            {
              "name": "lib",
              "path": "/nix/store/dqsh9jdsl8fdjw6v5sd4xrh2qldws7yq-jq-1.7.1-lib"
            },
            {
              "name": "out",
              "path": "/nix/store/py2fjr25lrz82nvywjxhb8i509h2ljmn-jq-1.7.1"
            }
          ],
          "store_path": "/nix/store/blbr333bv32ccigx4yhdyggb1fgq9cp6-jq-1.7.1-bin"
        },
        "aarch64-linux": {
          "outputs": [
            {
              "name": "bin",
              "path": "/nix/store/j3zjrgq5apk3k633jk34v9d90x51kb9a-jq-1.7.1-bin",
              "default": true
            },
            {
              "name": "man",
              "path": "/nix/store/i5qqzw3njqg1jvsi814dfsyn31ablxxb-jq-1.7.1-man",
              "default": true
            },
            {
              "name": "dev",
              "path": "/nix/store/ans08fryihh09x95v394idrb0jn5d6zl-jq-1.7.1-dev"
            },
            {
              "name": "doc",
              "path": "/nix/store/zyk2v327v60wjz5ddlmh8sswq071wk97-jq-1.7.1-doc"
            },
            {
              "name": "lib",
              "path": "/nix/store/xslzac5nm47q752w77lvjryc23ah1n96-jq-1.7.1-lib"
            },
            {
              "name": "out",
              "path": "/nix/store/xqxhv5667vh0fk0nz2xk2b1yh01i6a2y-jq-1.7.1"
            }
          ],
          "store_path": "/nix/store/j3zjrgq5apk3k633jk34v9d90x51kb9a-jq-1.7.1-bin"
        },
        "x86_64-darwin": {
          "outputs": [
            {
              "name": "bin",
              "path": "/nix/store/wqcnlw8jfdgygvqbgqp5v4na63mdsplp-jq-1.7.1-bin",
              "default": true
            },
            {
              "name": "man",
              "path": "/nix/store/qnwsjav5zv6w62zq0fwjnzacb4yhg9iz-jq-1.7.1-man",
              "default": true
            },
            {
              "name": "doc",
              "path": "/nix/store/j8m6fkcn7nvrkg7gvqzaasc3i6f7ywrz-jq-1.7.1-doc"
            },
            {
              "name": "lib",
              "path": "/nix/store/fmd2h398wnc6zzygkqafdgs0vzyk1h0d-jq-1.7.1-lib"
            },
            {
              "name": "out",
              "path": "/nix/store/175c3kmhpa2rhjn1f47yk2a0izq4w0pi-jq-1.7.1"
            },
            {
              "name": "dev",
              "path": "/nix/store/vl64i3pzhbr9gjpcizjxmg1x1yl976il-jq-1.7.1-dev"
            }
          ],
          "store_path": "/nix/store/wqcnlw8jfdgygvqbgqp5v4na63mdsplp-jq-1.7.1-bin"
        },
        "x86_64-linux": {
          "outputs": [
            {
              "name": "bin",
              "path": "/nix/store/wm8dxrnlp32hrls06cq5abgq4b0fvmwd-jq-1.7.1-bin",
              "default": true
            },
            {
              "name": "man",
              "path": "/nix/store/rgf1glm129fhflkmjvcjfafbga31gl5d-jq-1.7.1-man",
              "default": true
            },
            {
              "name": "out",
              "path": "/nix/store/5mch3xppdngdlimqvcii1cz1y0azi7vg-jq-1.7.1"
            },
            {
              "name": "dev",
              "path": "/nix/store/yhp3xxqyl9d81nni9ifwwqg2dv550c1z-jq-1.7.1-dev"
            },
            {
              "name": "doc",
              "path": "/nix/store/22xm7av2hd5zhc5sd8dpw73gf0jg2mxm-jq-1.7.1-doc"
            },
            {
              "name": "lib",
              "path": "/nix/store/yw3b6mcxw1zn5rdz9q29m8rkgr18dy9k-jq-1.7.1-lib"
            }
          ],
          "store_path": "/nix/store/wm8dxrnlp32hrls06cq5abgq4b0fvmwd-jq-1.7.1-bin"
        }
      }
    },
    "kubeconform@0.6.4": {
      "last_modified": "2024-03-08T13:51:52Z",
      "resolved": "github:NixOS/nixpkgs/a343533bccc62400e8a9560423486a3b6c11a23b#kubeconform",
      "source": "devbox-search",
      "version": "0.6.4",
      "systems": {
        "aarch64-darwin": {
          "outputs": [
            {
              "name": "out",
              "path": "/nix/store/jdh76yfd2qvc23jijjqfl0r9c3x3c6an-kubeconform-0.6.4",
              "default": true
            }
          ],
          "store_path": "/nix/store/jdh76yfd2qvc23jijjqfl0r9c3x3c6an-kubeconform-0.6.4"
        },
        "aarch64-linux": {
          "outputs": [
            {
              "name": "out",
              "path": "/nix/store/sxx9byx5w5qm6p4r4z9y2a96qcfn8p5a-kubeconform-0.6.4",
              "default": true
            }
          ],
          "store_path": "/nix/store/sxx9byx5w5qm6p4r4z9y2a96qcfn8p5a-kubeconform-0.6.4"
        },
        "x86_64-darwin": {
          "outputs": [
            {
              "name": "out",
              "path": "/nix/store/jpzsgfidx1ipx7n8kjrws32r1hcw2b5f-kubeconform-0.6.4",
              "default": true
            }
          ],
          "store_path": "/nix/store/jpzsgfidx1ipx7n8kjrws32r1hcw2b5f-kubeconform-0.6.4"
        },
        "x86_64-linux": {
          "outputs": [
            {
              "name": "out",
              "path": "/nix/store/dg2wyc41n9zbqv8i9za7f3k1mvg0h0c0-kubeconform-0.6.4",
              "default": true
            }
          ],
          "store_path": "/nix/store/dg2wyc41n9zbqv8i9za7f3k1mvg0h0c0-kubeconform-0.6.4"
        }
      }
    },
    "kubectl@1.25.5": {
      "last_modified": "2022-12-17T09:19:40Z",
      "resolved": "github:NixOS/nixpkgs/80c24eeb9ff46aa99617844d0c4168659e35175f#kubectl",
      "source": "devbox-search",
      "version": "1.25.5",
      "systems": {
        "aarch64-darwin": {
          "outputs": [
            {
              "name": "out",
              "path": "/nix/store/qr4ans49yh4h8v3yh8w9qwk305jjk2d9-kubectl-1.25.5",
              "default": true
            },
            {
              "name": "man",
              "path": "/nix/store/kq6y6kssxisk8jl5zrcqx0h4bvz6fvq2-kubectl-1.25.5-man",
              "default": true
            },
            {
              "name": "convert",
              "path": "/nix/store/fkd9nbpk07zklgvb2vs5gkdy8rb14myw-kubectl-1.25.5-convert"
            }
          ],
          "store_path": "/nix/store/qr4ans49yh4h8v3yh8w9qwk305jjk2d9-kubectl-1.25.5"
        },
        "aarch64-linux": {
          "outputs": [
            {
              "name": "out",
              "path": "/nix/store/3kmchyp78lbxlksh5kx45a0437yl0g02-kubectl-1.25.5",
              "default": true
            },
            {
              "name": "man",
              "path": "/nix/store/6i1k6j786lv2d98gjq4ifvwbgfdmkwnp-kubectl-1.25.5-man",
              "default": true
            },
            {
              "name": "convert",
              "path": "/nix/store/2x1cajqx7m2lwb17iy95661nv3bz9r5c-kubectl-1.25.5-convert"
            }
          ],
          "store_path": "/nix/store/3kmchyp78lbxlksh5kx45a0437yl0g02-kubectl-1.25.5"
        },
        "x86_64-darwin": {
          "outputs": [
            {
              "name": "out",
              "path": "/nix/store/y1nz14sw9nmkcj3bjp21acs0aj4480wr-kubectl-1.25.5",
              "default": true
            },
            {
              "name": "man",
              "path": "/nix/store/kyksgw3kpcmxk1h4i0b6z10wq6br0wn9-kubectl-1.25.5-man",
              "default": true
            },
            {
              "name": "convert",
              "path": "/nix/store/7dmgll98hbkz3dk07q58nwh87j23s0vx-kubectl-1.25.5-convert"
            }
          ],
          "store_path": "/nix/store/y1nz14sw9nmkcj3bjp21acs0aj4480wr-kubectl-1.25.5"
        },
        "x86_64-linux": {
          "outputs": [
            {
              "name": "out",
              "path": "/nix/store/b8x906fyzhqi2cn9lw4p33z4w2zy8b0n-kubectl-1.25.5",
              "default": true
            },
            {
              "name": "man",
              "path": "/nix/store/56l3i5bq4mank222cs5pgvyym7w7jzxv-kubectl-1.25.5-man",
              "default": true
            },
            {
              "name": "convert",
              "path": "/nix/store/s23n7d7ir5k9drbpcv8s17h967rqdndj-kubectl-1.25.5-convert"
            }
          ],
          "store_path": "/nix/store/b8x906fyzhqi2cn9lw4p33z4w2zy8b0n-kubectl-1.25.5"
        }
      }
    },
    "kubernetes-helm@3.13.3": {
      "last_modified": "2024-01-27T14:55:31Z",
      "resolved": "github:NixOS/nixpkgs/160b762eda6d139ac10ae081f8f78d640dd523eb#kubernetes-helm",
      "source": "devbox-search",
      "version": "3.13.3",
      "systems": {
        "aarch64-darwin": {
          "outputs": [
            {
              "name": "out",
              "path": "/nix/store/s15ghsgbb8ziwm5wzd547gh8h0pv54wa-kubernetes-helm-3.13.3",
              "default": true
            }
          ],
          "store_path": "/nix/store/s15ghsgbb8ziwm5wzd547gh8h0pv54wa-kubernetes-helm-3.13.3"
        },
        "aarch64-linux": {
          "outputs": [
            {
              "name": "out",
              "path": "/nix/store/gp97zk09cv9b3kd6x0df5p6i2lijclqy-kubernetes-helm-3.13.3",
              "default": true
            }
          ],
          "store_path": "/nix/store/gp97zk09cv9b3kd6x0df5p6i2lijclqy-kubernetes-helm-3.13.3"
        },
        "x86_64-darwin": {
          "outputs": [
            {
              "name": "out",
              "path": "/nix/store/iia083d6skha9sg80plvjjfzql2by8rc-kubernetes-helm-3.13.3",
              "default": true
            }
          ],
          "store_path": "/nix/store/iia083d6skha9sg80plvjjfzql2by8rc-kubernetes-helm-3.13.3"
        },
        "x86_64-linux": {
          "outputs": [
            {
              "name": "out",
              "path": "/nix/store/jv37f1mm61bspinaw9q2hq67vn9qydyk-kubernetes-helm-3.13.3",
              "default": true
            }
          ],
          "store_path": "/nix/store/jv37f1mm61bspinaw9q2hq67vn9qydyk-kubernetes-helm-3.13.3"
        }
      }
    },
    "kustomize@5.3.0": {
      "last_modified": "2024-03-08T13:51:52Z",
      "resolved": "github:NixOS/nixpkgs/a343533bccc62400e8a9560423486a3b6c11a23b#kustomize",
      "source": "devbox-search",
      "version": "5.3.0",
      "systems": {
        "aarch64-darwin": {
          "outputs": [
            {
              "name": "out",
              "path": "/nix/store/452i1p4zhmbp0lij399pmlagvvhbz8qa-kustomize-5.3.0",
              "default": true
            }
          ],
          "store_path": "/nix/store/452i1p4zhmbp0lij399pmlagvvhbz8qa-kustomize-5.3.0"
        },
        "aarch64-linux": {
          "outputs": [
            {
              "name": "out",
              "path": "/nix/store/db73m9xy7q4al1ypx3i4nbqw9wi25fpc-kustomize-5.3.0",
              "default": true
            }
          ],
          "store_path": "/nix/store/db73m9xy7q4al1ypx3i4nbqw9wi25fpc-kustomize-5.3.0"
        },
        "x86_64-darwin": {
          "outputs": [
            {
              "name": "out",
              "path": "/nix/store/r4kcp37cwrfskcdlk8r0hmwb5y6gh8lc-kustomize-5.3.0",
              "default": true
            }
          ],
          "store_path": "/nix/store/r4kcp37cwrfskcdlk8r0hmwb5y6gh8lc-kustomize-5.3.0"
        },
        "x86_64-linux": {
          "outputs": [
            {
              "name": "out",
              "path": "/nix/store/y6q6p3fv79gahrkp6gz8q9lks4h0zgh8-kustomize-5.3.0",
              "default": true
            }
          ],
          "store_path": "/nix/store/y6q6p3fv79gahrkp6gz8q9lks4h0zgh8-kustomize-5.3.0"
        }
      }
    },
    "kyverno@1.11.4": {
      "last_modified": "2024-03-08T13:51:52Z",
      "resolved": "github:NixOS/nixpkgs/a343533bccc62400e8a9560423486a3b6c11a23b#kyverno",
      "source": "devbox-search",
      "version": "1.11.4",
      "systems": {
        "aarch64-darwin": {
          "outputs": [
            {
              "name": "out",
              "path": "/nix/store/lxmhkb3ajv854kqqpjhcn4fc5mh3gxvd-kyverno-1.11.4",
              "default": true
            }
          ],
          "store_path": "/nix/store/lxmhkb3ajv854kqqpjhcn4fc5mh3gxvd-kyverno-1.11.4"
        },
        "aarch64-linux": {
          "outputs": [
            {
              "name": "out",
              "path": "/nix/store/p9mlhf84p28w144528zxjkh3n1yrl8gk-kyverno-1.11.4",
              "default": true
            }
          ],
          "store_path": "/nix/store/p9mlhf84p28w144528zxjkh3n1yrl8gk-kyverno-1.11.4"
        },
        "x86_64-darwin": {
          "outputs": [
            {
              "name": "out",
              "path": "/nix/store/7k05z7g7frwxxyvvpl3nv9ykav9g19l2-kyverno-1.11.4",
              "default": true
            }
          ],
          "store_path": "/nix/store/7k05z7g7frwxxyvvpl3nv9ykav9g19l2-kyverno-1.11.4"
        },
        "x86_64-linux": {
          "outputs": [
            {
              "name": "out",
              "path": "/nix/store/kazy937f80zanx01dnbm67qjc8lligyl-kyverno-1.11.4",
              "default": true
            }
          ],
          "store_path": "/nix/store/kazy937f80zanx01dnbm67qjc8lligyl-kyverno-1.11.4"
        }
      }
    },
    "markdownlint-cli@0.38.0": {
      "last_modified": "2024-01-27T14:55:31Z",
      "resolved": "github:NixOS/nixpkgs/160b762eda6d139ac10ae081f8f78d640dd523eb#markdownlint-cli",
      "source": "devbox-search",
      "version": "0.38.0",
      "systems": {
        "aarch64-darwin": {
          "outputs": [
            {
              "name": "out",
              "path": "/nix/store/9dam7c23ls7lg0ddr24403cws8351j3y-markdownlint-cli-0.38.0",
              "default": true
            }
          ],
          "store_path": "/nix/store/9dam7c23ls7lg0ddr24403cws8351j3y-markdownlint-cli-0.38.0"
        },
        "aarch64-linux": {
          "outputs": [
            {
              "name": "out",
              "path": "/nix/store/qwar58wjr35m49rs9sg4md1vc7p6m43i-markdownlint-cli-0.38.0",
              "default": true
            }
          ],
          "store_path": "/nix/store/qwar58wjr35m49rs9sg4md1vc7p6m43i-markdownlint-cli-0.38.0"
        },
        "x86_64-darwin": {
          "outputs": [
            {
              "name": "out",
              "path": "/nix/store/10rdg1pxyaasvzyjg5cafvj03hkmiihk-markdownlint-cli-0.38.0",
              "default": true
            }
          ],
          "store_path": "/nix/store/10rdg1pxyaasvzyjg5cafvj03hkmiihk-markdownlint-cli-0.38.0"
        },
        "x86_64-linux": {
          "outputs": [
            {
              "name": "out",
              "path": "/nix/store/c5g2qp72gdmywjdd8dks08pqvfmr0f6z-markdownlint-cli-0.38.0",
              "default": true
            }
          ],
          "store_path": "/nix/store/c5g2qp72gdmywjdd8dks08pqvfmr0f6z-markdownlint-cli-0.38.0"
        }
      }
    },
    "shellcheck@0.9.0": {
      "last_modified": "2024-03-17T10:00:07Z",
      "resolved": "github:NixOS/nixpkgs/6af7e814afb3b62171eee1edc31989ee61528d25#shellcheck",
      "source": "devbox-search",
      "version": "0.9.0",
      "systems": {
        "aarch64-darwin": {
          "outputs": [
            {
              "name": "bin",
              "path": "/nix/store/bngymhhfha92zqpmd01ms1f35kmpfidd-shellcheck-0.9.0-bin",
              "default": true
            },
            {
              "name": "man",
              "path": "/nix/store/wvjp038pnjxnv1fl2iwq1hds82jjqpy7-shellcheck-0.9.0-man",
              "default": true
            },
            {
              "name": "doc",
              "path": "/nix/store/cbmz6pvignjv39w2mbzziahg26arx7bc-shellcheck-0.9.0-doc",
              "default": true
            },
            {
              "name": "out",
              "path": "/nix/store/vl8hqjjvr8kr94gbbhsh00rclq5c8v34-shellcheck-0.9.0"
            }
          ],
          "store_path": "/nix/store/bngymhhfha92zqpmd01ms1f35kmpfidd-shellcheck-0.9.0-bin"
        },
        "aarch64-linux": {
          "outputs": [
            {
              "name": "bin",
              "path": "/nix/store/4y4s0iwzhwmw3r5qz6paxg1f99px1lfx-shellcheck-0.9.0-bin",
              "default": true
            },
            {
              "name": "man",
              "path": "/nix/store/93i5kyw2l38d15f7yiz467j04sqifpss-shellcheck-0.9.0-man",
              "default": true
            },
            {
              "name": "doc",
              "path": "/nix/store/yiwgaprpasgqpadg7h139vsb530zfi5i-shellcheck-0.9.0-doc",
              "default": true
            },
            {
              "name": "out",
              "path": "/nix/store/lw39zsqq4vz9mwss7n7mzmw1565z7jl8-shellcheck-0.9.0"
            }
          ],
          "store_path": "/nix/store/4y4s0iwzhwmw3r5qz6paxg1f99px1lfx-shellcheck-0.9.0-bin"
        },
        "x86_64-darwin": {
          "outputs": [
            {
              "name": "bin",
              "path": "/nix/store/rfxrjh6nvd3s9r7yla95438an3pngajh-shellcheck-0.9.0-bin",
              "default": true
            },
            {
              "name": "man",
              "path": "/nix/store/6p20qcmq1cjfmimv8ypwsml5lyix3i9n-shellcheck-0.9.0-man",
              "default": true
            },
            {
              "name": "doc",
              "path": "/nix/store/x9h3i9vci67gmfk1y8lgslhq7h0m7d9c-shellcheck-0.9.0-doc",
              "default": true
            },
            {
              "name": "out",
              "path": "/nix/store/k6qxh0b75f505vylk149jhh6jl6dbsq3-shellcheck-0.9.0"
            }
          ],
          "store_path": "/nix/store/rfxrjh6nvd3s9r7yla95438an3pngajh-shellcheck-0.9.0-bin"
        },
        "x86_64-linux": {
          "outputs": [
            {
              "name": "bin",
              "path": "/nix/store/2hr19r4705ak33jp3znlfqg0wb6di8ii-shellcheck-0.9.0-bin",
              "default": true
            },
            {
              "name": "man",
              "path": "/nix/store/ksf75hd7kkh73na5i15di6bymiyv6mq9-shellcheck-0.9.0-man",
              "default": true
            },
            {
              "name": "doc",
              "path": "/nix/store/5m2dl4ms7shgkbncvi5hvc1rn47a76zz-shellcheck-0.9.0-doc",
              "default": true
            },
            {
              "name": "out",
              "path": "/nix/store/mm7w57jlg1fd4z6nrgpddarbs11qwr42-shellcheck-0.9.0"
            }
          ],
          "store_path": "/nix/store/2hr19r4705ak33jp3znlfqg0wb6di8ii-shellcheck-0.9.0-bin"
        }
      }
    },
    "trivy@latest": {
      "last_modified": "2024-03-08T13:51:52Z",
      "resolved": "github:NixOS/nixpkgs/a343533bccc62400e8a9560423486a3b6c11a23b#trivy",
      "source": "devbox-search",
      "version": "0.49.1",
      "systems": {
        "aarch64-darwin": {
          "outputs": [
            {
              "name": "out",
              "path": "/nix/store/45xkajw2z0hrxp4r4rvz2p9vab4prnvy-trivy-0.49.1",
              "default": true
            }
          ],
          "store_path": "/nix/store/45xkajw2z0hrxp4r4rvz2p9vab4prnvy-trivy-0.49.1"
        },
        "aarch64-linux": {
          "outputs": [
            {
              "name": "out",
              "path": "/nix/store/afvz4a0gk6xp5imdak0l5vgdxwxvwwhv-trivy-0.49.1",
              "default": true
            }
          ],
          "store_path": "/nix/store/afvz4a0gk6xp5imdak0l5vgdxwxvwwhv-trivy-0.49.1"
        },
        "x86_64-darwin": {
          "outputs": [
            {
              "name": "out",
              "path": "/nix/store/qxcpgvvzalp6s7f62bjknf8a753klr3z-trivy-0.49.1",
              "default": true
            }
          ],
          "store_path": "/nix/store/qxcpgvvzalp6s7f62bjknf8a753klr3z-trivy-0.49.1"
        },
        "x86_64-linux": {
          "outputs": [
            {
              "name": "out",
              "path": "/nix/store/whn8wmvn74lm0nfqdcc6npl0zafvxdmm-trivy-0.49.1",
              "default": true
            }
          ],
          "store_path": "/nix/store/whn8wmvn74lm0nfqdcc6npl0zafvxdmm-trivy-0.49.1"
        }
      }
    },
    "yq@latest": {
      "last_modified": "2024-03-08T13:51:52Z",
      "resolved": "github:NixOS/nixpkgs/a343533bccc62400e8a9560423486a3b6c11a23b#yq",
      "source": "devbox-search",
      "version": "3.2.3",
      "systems": {
        "aarch64-darwin": {
          "outputs": [
            {
              "name": "out",
              "path": "/nix/store/4gr71amnwwm8z517xa0lw3rx45jbg4d1-python3.11-yq-3.2.3",
              "default": true
            },
            {
              "name": "dist",
              "path": "/nix/store/99sxhr7y3avbg7flhhgy99p8gigmhrkc-python3.11-yq-3.2.3-dist"
            }
          ],
          "store_path": "/nix/store/4gr71amnwwm8z517xa0lw3rx45jbg4d1-python3.11-yq-3.2.3"
        },
        "aarch64-linux": {
          "outputs": [
            {
              "name": "out",
              "path": "/nix/store/w5v3miw29f2y5m0z076zkc1g0wxvi9ph-python3.11-yq-3.2.3",
              "default": true
            },
            {
              "name": "dist",
              "path": "/nix/store/4sw3h6i1n8rab7lna9l2hn1n8hvfbjib-python3.11-yq-3.2.3-dist"
            }
          ],
          "store_path": "/nix/store/w5v3miw29f2y5m0z076zkc1g0wxvi9ph-python3.11-yq-3.2.3"
        },
        "x86_64-darwin": {
          "outputs": [
            {
              "name": "out",
              "path": "/nix/store/fz34qmmgb265vfwwfzq23fqci82wjv8k-python3.11-yq-3.2.3",
              "default": true
            },
            {
              "name": "dist",
              "path": "/nix/store/sfy9s50c69xbf00z5l6jbzf8h3f2biwg-python3.11-yq-3.2.3-dist"
            }
          ],
          "store_path": "/nix/store/fz34qmmgb265vfwwfzq23fqci82wjv8k-python3.11-yq-3.2.3"
        },
        "x86_64-linux": {
          "outputs": [
            {
              "name": "out",
              "path": "/nix/store/hrqwcl2zqm765sdsypy7ci7cyj1nclk3-python3.11-yq-3.2.3",
              "default": true
            },
            {
              "name": "dist",
              "path": "/nix/store/zcrcvjl99bmm013psn5qqifn2zmwqpna-python3.11-yq-3.2.3-dist"
            }
          ],
          "store_path": "/nix/store/hrqwcl2zqm765sdsypy7ci7cyj1nclk3-python3.11-yq-3.2.3"
        }
      }
    }
  }
}
